
Microsoft Visual Studio Solution File, Format Version 12.00
# Visual Studio Version 16
VisualStudioVersion = 16.0.31005.135
MinimumVisualStudioVersion = 10.0.40219.1
Project("{FAE04EC0-301F-11D3-BF4B-00C04F79EFBC}") = "Calculator", "Calculator.csproj", "{6C45E58F-593F-4EC8-8862-EA4623D1444F}"
EndProject
Global
	GlobalSection(SolutionConfigurationPlatforms) = preSolution
		Debug|Any CPU = Debug|Any CPU
		Release|Any CPU = Release|Any CPU
	EndGlobalSection
	GlobalSection(ProjectConfigurationPlatforms) = postSolution
		{6C45E58F-593F-4EC8-8862-EA4623D1444F}.Debug|Any CPU.ActiveCfg = Debug|Any CPU
		{6C45E58F-593F-4EC8-8862-EA4623D1444F}.Debug|Any CPU.Build.0 = Debug|Any CPU
		{6C45E58F-593F-4EC8-8862-EA4623D1444F}.Release|Any CPU.ActiveCfg = Release|Any CPU
		{6C45E58F-593F-4EC8-8862-EA4623D1444F}.Release|Any CPU.Build.0 = Release|Any CPU
	EndGlobalSection
	GlobalSection(SolutionProperties) = preSolution
		HideSolutionNode = FALSE
	EndGlobalSection
	GlobalSection(ExtensibilityGlobals) = postSolution
		SolutionGuid = {BF0CFD22-51FD-4C37-9634-D73C27631F7C}
	EndGlobalSection
EndGlobal
